
Microsoft Visual Studio Solution File, Format Version 12.00
# Visual Studio 15
Project("{FAE04EC0-301F-11D3-BF4B-00C04F79EFBC}") = "RockPaperScizors", "RockPaperScizors\RockPaperScizors.csproj", "{EBC9D2E2-F8B3-4FDB-8691-7053AB91C6EC}"
EndProject
Global
	GlobalSection(SolutionConfigurationPlatforms) = preSolution
		Debug|Any CPU = Debug|Any CPU
		Release|Any CPU = Release|Any CPU
	EndGlobalSection
	GlobalSection(ProjectConfigurationPlatforms) = postSolution
		{EBC9D2E2-F8B3-4FDB-8691-7053AB91C6EC}.Debug|Any CPU.ActiveCfg = Debug|Any CPU
		{EBC9D2E2-F8B3-4FDB-8691-7053AB91C6EC}.Debug|Any CPU.Build.0 = Debug|Any CPU
		{EBC9D2E2-F8B3-4FDB-8691-7053AB91C6EC}.Release|Any CPU.ActiveCfg = Release|Any CPU
		{EBC9D2E2-F8B3-4FDB-8691-7053AB91C6EC}.Release|Any CPU.Build.0 = Release|Any CPU
	EndGlobalSection
EndGlobal
